
Microsoft Visual Studio Solution File, Format Version 12.00
# Visual Studio 15
VisualStudioVersion = 15.0.26124.0
MinimumVisualStudioVersion = 15.0.26124.0
Project("{2150E333-8FDC-42A3-9474-1A3956D46DE8}") = ".Solution", ".Solution", "{E3A1230A-E931-4B1A-82E1-794701BF5D4A}"
ProjectSection(SolutionItems) = preProject
	Directory.Build.props = Directory.Build.props
EndProjectSection
EndProject
Project("{FAE04EC0-301F-11D3-BF4B-00C04F79EFBC}") = "dfalex.util", "dfalex.util\dfalex.util.csproj", "{23D00147-85EE-47D9-A198-C57E8736C2C2}"
EndProject
Project("{FAE04EC0-301F-11D3-BF4B-00C04F79EFBC}") = "dfalex.util.tests", "dfalex.util.tests\dfalex.util.tests.csproj", "{B72049CD-EA3C-40BD-98A4-A38EFA93E339}"
EndProject
Global
	GlobalSection(SolutionConfigurationPlatforms) = preSolution
		Debug|Any CPU = Debug|Any CPU
		Release|Any CPU = Release|Any CPU
	EndGlobalSection
	GlobalSection(SolutionProperties) = preSolution
		HideSolutionNode = FALSE
	EndGlobalSection
	GlobalSection(ProjectConfigurationPlatforms) = postSolution
		{23D00147-85EE-47D9-A198-C57E8736C2C2}.Debug|Any CPU.ActiveCfg = Debug|Any CPU
		{23D00147-85EE-47D9-A198-C57E8736C2C2}.Debug|Any CPU.Build.0 = Debug|Any CPU
		{23D00147-85EE-47D9-A198-C57E8736C2C2}.Release|Any CPU.ActiveCfg = Release|Any CPU
		{23D00147-85EE-47D9-A198-C57E8736C2C2}.Release|Any CPU.Build.0 = Release|Any CPU
		{B72049CD-EA3C-40BD-98A4-A38EFA93E339}.Debug|Any CPU.ActiveCfg = Debug|Any CPU
		{B72049CD-EA3C-40BD-98A4-A38EFA93E339}.Debug|Any CPU.Build.0 = Debug|Any CPU
		{B72049CD-EA3C-40BD-98A4-A38EFA93E339}.Release|Any CPU.ActiveCfg = Release|Any CPU
		{B72049CD-EA3C-40BD-98A4-A38EFA93E339}.Release|Any CPU.Build.0 = Release|Any CPU
	EndGlobalSection
EndGlobal
